
Microsoft Visual Studio Solution File, Format Version 12.00
# Visual Studio 15
VisualStudioVersion = 15.0.27428.1
MinimumVisualStudioVersion = 10.0.40219.1
Project("{FAE04EC0-301F-11D3-BF4B-00C04F79EFBC}") = "PWMan.Android", "PWMan\PWMan.Android\PWMan.Android.csproj", "{B09188C0-DA1D-4797-BF98-834AA44FFFCD}"
EndProject
Project("{FAE04EC0-301F-11D3-BF4B-00C04F79EFBC}") = "PWMan.iOS", "PWMan\PWMan.iOS\PWMan.iOS.csproj", "{4EF8D5D1-7AE5-40ED-B174-8834DD089DFC}"
EndProject
Project("{FAE04EC0-301F-11D3-BF4B-00C04F79EFBC}") = "PWMan.UWP", "PWMan\PWMan.UWP\PWMan.UWP.csproj", "{DAD7E01C-C040-486C-9BC8-F3F6129F614C}"
EndProject
Project("{FAE04EC0-301F-11D3-BF4B-00C04F79EFBC}") = "PWMan", "PWMan\PWMan\PWMan.csproj", "{05E5A123-29D4-45DE-9AD7-C2F1A14A3B62}"
EndProject
Global
	GlobalSection(SolutionConfigurationPlatforms) = preSolution
		Ad-Hoc|Any CPU = Ad-Hoc|Any CPU
		Ad-Hoc|ARM = Ad-Hoc|ARM
		Ad-Hoc|iPhone = Ad-Hoc|iPhone
		Ad-Hoc|iPhoneSimulator = Ad-Hoc|iPhoneSimulator
		Ad-Hoc|x64 = Ad-Hoc|x64
		Ad-Hoc|x86 = Ad-Hoc|x86
		AppStore|Any CPU = AppStore|Any CPU
		AppStore|ARM = AppStore|ARM
		AppStore|iPhone = AppStore|iPhone
		AppStore|iPhoneSimulator = AppStore|iPhoneSimulator
		AppStore|x64 = AppStore|x64
		AppStore|x86 = AppStore|x86
		Debug|Any CPU = Debug|Any CPU
		Debug|ARM = Debug|ARM
		Debug|iPhone = Debug|iPhone
		Debug|iPhoneSimulator = Debug|iPhoneSimulator
		Debug|x64 = Debug|x64
		Debug|x86 = Debug|x86
		Release|Any CPU = Release|Any CPU
		Release|ARM = Release|ARM
		Release|iPhone = Release|iPhone
		Release|iPhoneSimulator = Release|iPhoneSimulator
		Release|x64 = Release|x64
		Release|x86 = Release|x86
	EndGlobalSection
	GlobalSection(ProjectConfigurationPlatforms) = postSolution
		{B09188C0-DA1D-4797-BF98-834AA44FFFCD}.Ad-Hoc|Any CPU.ActiveCfg = Release|Any CPU
		{B09188C0-DA1D-4797-BF98-834AA44FFFCD}.Ad-Hoc|Any CPU.Build.0 = Release|Any CPU
		{B09188C0-DA1D-4797-BF98-834AA44FFFCD}.Ad-Hoc|Any CPU.Deploy.0 = Release|Any CPU
		{B09188C0-DA1D-4797-BF98-834AA44FFFCD}.Ad-Hoc|ARM.ActiveCfg = Release|Any CPU
		{B09188C0-DA1D-4797-BF98-834AA44FFFCD}.Ad-Hoc|ARM.Build.0 = Release|Any CPU
		{B09188C0-DA1D-4797-BF98-834AA44FFFCD}.Ad-Hoc|ARM.Deploy.0 = Release|Any CPU
		{B09188C0-DA1D-4797-BF98-834AA44FFFCD}.Ad-Hoc|iPhone.ActiveCfg = Release|Any CPU
		{B09188C0-DA1D-4797-BF98-834AA44FFFCD}.Ad-Hoc|iPhone.Build.0 = Release|Any CPU
		{B09188C0-DA1D-4797-BF98-834AA44FFFCD}.Ad-Hoc|iPhone.Deploy.0 = Release|Any CPU
		{B09188C0-DA1D-4797-BF98-834AA44FFFCD}.Ad-Hoc|iPhoneSimulator.ActiveCfg = Release|Any CPU
		{B09188C0-DA1D-4797-BF98-834AA44FFFCD}.Ad-Hoc|iPhoneSimulator.Build.0 = Release|Any CPU
		{B09188C0-DA1D-4797-BF98-834AA44FFFCD}.Ad-Hoc|iPhoneSimulator.Deploy.0 = Release|Any CPU
		{B09188C0-DA1D-4797-BF98-834AA44FFFCD}.Ad-Hoc|x64.ActiveCfg = Release|Any CPU
		{B09188C0-DA1D-4797-BF98-834AA44FFFCD}.Ad-Hoc|x64.Build.0 = Release|Any CPU
		{B09188C0-DA1D-4797-BF98-834AA44FFFCD}.Ad-Hoc|x64.Deploy.0 = Release|Any CPU
		{B09188C0-DA1D-4797-BF98-834AA44FFFCD}.Ad-Hoc|x86.ActiveCfg = Release|Any CPU
		{B09188C0-DA1D-4797-BF98-834AA44FFFCD}.Ad-Hoc|x86.Build.0 = Release|Any CPU
		{B09188C0-DA1D-4797-BF98-834AA44FFFCD}.Ad-Hoc|x86.Deploy.0 = Release|Any CPU
		{B09188C0-DA1D-4797-BF98-834AA44FFFCD}.AppStore|Any CPU.ActiveCfg = Release|Any CPU
		{B09188C0-DA1D-4797-BF98-834AA44FFFCD}.AppStore|Any CPU.Build.0 = Release|Any CPU
		{B09188C0-DA1D-4797-BF98-834AA44FFFCD}.AppStore|Any CPU.Deploy.0 = Release|Any CPU
		{B09188C0-DA1D-4797-BF98-834AA44FFFCD}.AppStore|ARM.ActiveCfg = Release|Any CPU
		{B09188C0-DA1D-4797-BF98-834AA44FFFCD}.AppStore|ARM.Build.0 = Release|Any CPU
		{B09188C0-DA1D-4797-BF98-834AA44FFFCD}.AppStore|ARM.Deploy.0 = Release|Any CPU
		{B09188C0-DA1D-4797-BF98-834AA44FFFCD}.AppStore|iPhone.ActiveCfg = Release|Any CPU
		{B09188C0-DA1D-4797-BF98-834AA44FFFCD}.AppStore|iPhone.Build.0 = Release|Any CPU
		{B09188C0-DA1D-4797-BF98-834AA44FFFCD}.AppStore|iPhone.Deploy.0 = Release|Any CPU
		{B09188C0-DA1D-4797-BF98-834AA44FFFCD}.AppStore|iPhoneSimulator.ActiveCfg = Release|Any CPU
		{B09188C0-DA1D-4797-BF98-834AA44FFFCD}.AppStore|iPhoneSimulator.Build.0 = Release|Any CPU
		{B09188C0-DA1D-4797-BF98-834AA44FFFCD}.AppStore|iPhoneSimulator.Deploy.0 = Release|Any CPU
		{B09188C0-DA1D-4797-BF98-834AA44FFFCD}.AppStore|x64.ActiveCfg = Release|Any CPU
		{B09188C0-DA1D-4797-BF98-834AA44FFFCD}.AppStore|x64.Build.0 = Release|Any CPU
		{B09188C0-DA1D-4797-BF98-834AA44FFFCD}.AppStore|x64.Deploy.0 = Release|Any CPU
		{B09188C0-DA1D-4797-BF98-834AA44FFFCD}.AppStore|x86.ActiveCfg = Release|Any CPU
		{B09188C0-DA1D-4797-BF98-834AA44FFFCD}.AppStore|x86.Build.0 = Release|Any CPU
		{B09188C0-DA1D-4797-BF98-834AA44FFFCD}.AppStore|x86.Deploy.0 = Release|Any CPU
		{B09188C0-DA1D-4797-BF98-834AA44FFFCD}.Debug|Any CPU.ActiveCfg = Debug|Any CPU
		{B09188C0-DA1D-4797-BF98-834AA44FFFCD}.Debug|Any CPU.Build.0 = Debug|Any CPU
		{B09188C0-DA1D-4797-BF98-834AA44FFFCD}.Debug|Any CPU.Deploy.0 = Debug|Any CPU
		{B09188C0-DA1D-4797-BF98-834AA44FFFCD}.Debug|ARM.ActiveCfg = Debug|Any CPU
		{B09188C0-DA1D-4797-BF98-834AA44FFFCD}.Debug|ARM.Build.0 = Debug|Any CPU
		{B09188C0-DA1D-4797-BF98-834AA44FFFCD}.Debug|ARM.Deploy.0 = Debug|Any CPU
		{B09188C0-DA1D-4797-BF98-834AA44FFFCD}.Debug|iPhone.ActiveCfg = Debug|Any CPU
		{B09188C0-DA1D-4797-BF98-834AA44FFFCD}.Debug|iPhone.Build.0 = Debug|Any CPU
		{B09188C0-DA1D-4797-BF98-834AA44FFFCD}.Debug|iPhone.Deploy.0 = Debug|Any CPU
		{B09188C0-DA1D-4797-BF98-834AA44FFFCD}.Debug|iPhoneSimulator.ActiveCfg = Debug|Any CPU
		{B09188C0-DA1D-4797-BF98-834AA44FFFCD}.Debug|iPhoneSimulator.Build.0 = Debug|Any CPU
		{B09188C0-DA1D-4797-BF98-834AA44FFFCD}.Debug|iPhoneSimulator.Deploy.0 = Debug|Any CPU
		{B09188C0-DA1D-4797-BF98-834AA44FFFCD}.Debug|x64.ActiveCfg = Debug|Any CPU
		{B09188C0-DA1D-4797-BF98-834AA44FFFCD}.Debug|x64.Build.0 = Debug|Any CPU
		{B09188C0-DA1D-4797-BF98-834AA44FFFCD}.Debug|x64.Deploy.0 = Debug|Any CPU
		{B09188C0-DA1D-4797-BF98-834AA44FFFCD}.Debug|x86.ActiveCfg = Debug|Any CPU
		{B09188C0-DA1D-4797-BF98-834AA44FFFCD}.Debug|x86.Build.0 = Debug|Any CPU
		{B09188C0-DA1D-4797-BF98-834AA44FFFCD}.Debug|x86.Deploy.0 = Debug|Any CPU
		{B09188C0-DA1D-4797-BF98-834AA44FFFCD}.Release|Any CPU.ActiveCfg = Release|Any CPU
		{B09188C0-DA1D-4797-BF98-834AA44FFFCD}.Release|Any CPU.Build.0 = Release|Any CPU
		{B09188C0-DA1D-4797-BF98-834AA44FFFCD}.Release|Any CPU.Deploy.0 = Release|Any CPU
		{B09188C0-DA1D-4797-BF98-834AA44FFFCD}.Release|ARM.ActiveCfg = Release|Any CPU
		{B09188C0-DA1D-4797-BF98-834AA44FFFCD}.Release|ARM.Build.0 = Release|Any CPU
		{B09188C0-DA1D-4797-BF98-834AA44FFFCD}.Release|ARM.Deploy.0 = Release|Any CPU
		{B09188C0-DA1D-4797-BF98-834AA44FFFCD}.Release|iPhone.ActiveCfg = Release|Any CPU
		{B09188C0-DA1D-4797-BF98-834AA44FFFCD}.Release|iPhone.Build.0 = Release|Any CPU
		{B09188C0-DA1D-4797-BF98-834AA44FFFCD}.Release|iPhone.Deploy.0 = Release|Any CPU
		{B09188C0-DA1D-4797-BF98-834AA44FFFCD}.Release|iPhoneSimulator.ActiveCfg = Release|Any CPU
		{B09188C0-DA1D-4797-BF98-834AA44FFFCD}.Release|iPhoneSimulator.Build.0 = Release|Any CPU
		{B09188C0-DA1D-4797-BF98-834AA44FFFCD}.Release|iPhoneSimulator.Deploy.0 = Release|Any CPU
		{B09188C0-DA1D-4797-BF98-834AA44FFFCD}.Release|x64.ActiveCfg = Release|Any CPU
		{B09188C0-DA1D-4797-BF98-834AA44FFFCD}.Release|x64.Build.0 = Release|Any CPU
		{B09188C0-DA1D-4797-BF98-834AA44FFFCD}.Release|x64.Deploy.0 = Release|Any CPU
		{B09188C0-DA1D-4797-BF98-834AA44FFFCD}.Release|x86.ActiveCfg = Release|Any CPU
		{B09188C0-DA1D-4797-BF98-834AA44FFFCD}.Release|x86.Build.0 = Release|Any CPU
		{B09188C0-DA1D-4797-BF98-834AA44FFFCD}.Release|x86.Deploy.0 = Release|Any CPU
		{4EF8D5D1-7AE5-40ED-B174-8834DD089DFC}.Ad-Hoc|Any CPU.ActiveCfg = Ad-Hoc|iPhone
		{4EF8D5D1-7AE5-40ED-B174-8834DD089DFC}.Ad-Hoc|ARM.ActiveCfg = Ad-Hoc|iPhone
		{4EF8D5D1-7AE5-40ED-B174-8834DD089DFC}.Ad-Hoc|iPhone.ActiveCfg = Ad-Hoc|iPhone
		{4EF8D5D1-7AE5-40ED-B174-8834DD089DFC}.Ad-Hoc|iPhone.Build.0 = Ad-Hoc|iPhone
		{4EF8D5D1-7AE5-40ED-B174-8834DD089DFC}.Ad-Hoc|iPhoneSimulator.ActiveCfg = Ad-Hoc|iPhoneSimulator
		{4EF8D5D1-7AE5-40ED-B174-8834DD089DFC}.Ad-Hoc|iPhoneSimulator.Build.0 = Ad-Hoc|iPhoneSimulator
		{4EF8D5D1-7AE5-40ED-B174-8834DD089DFC}.Ad-Hoc|x64.ActiveCfg = Ad-Hoc|iPhone
		{4EF8D5D1-7AE5-40ED-B174-8834DD089DFC}.Ad-Hoc|x86.ActiveCfg = Ad-Hoc|iPhone
		{4EF8D5D1-7AE5-40ED-B174-8834DD089DFC}.AppStore|Any CPU.ActiveCfg = AppStore|iPhone
		{4EF8D5D1-7AE5-40ED-B174-8834DD089DFC}.AppStore|ARM.ActiveCfg = AppStore|iPhone
		{4EF8D5D1-7AE5-40ED-B174-8834DD089DFC}.AppStore|iPhone.ActiveCfg = AppStore|iPhone
		{4EF8D5D1-7AE5-40ED-B174-8834DD089DFC}.AppStore|iPhone.Build.0 = AppStore|iPhone
		{4EF8D5D1-7AE5-40ED-B174-8834DD089DFC}.AppStore|iPhoneSimulator.ActiveCfg = AppStore|iPhoneSimulator
		{4EF8D5D1-7AE5-40ED-B174-8834DD089DFC}.AppStore|iPhoneSimulator.Build.0 = AppStore|iPhoneSimulator
		{4EF8D5D1-7AE5-40ED-B174-8834DD089DFC}.AppStore|x64.ActiveCfg = AppStore|iPhone
		{4EF8D5D1-7AE5-40ED-B174-8834DD089DFC}.AppStore|x86.ActiveCfg = AppStore|iPhone
		{4EF8D5D1-7AE5-40ED-B174-8834DD089DFC}.Debug|Any CPU.ActiveCfg = Debug|iPhone
		{4EF8D5D1-7AE5-40ED-B174-8834DD089DFC}.Debug|ARM.ActiveCfg = Debug|iPhone
		{4EF8D5D1-7AE5-40ED-B174-8834DD089DFC}.Debug|iPhone.ActiveCfg = Debug|iPhone
		{4EF8D5D1-7AE5-40ED-B174-8834DD089DFC}.Debug|iPhone.Build.0 = Debug|iPhone
		{4EF8D5D1-7AE5-40ED-B174-8834DD089DFC}.Debug|iPhoneSimulator.ActiveCfg = Debug|iPhoneSimulator
		{4EF8D5D1-7AE5-40ED-B174-8834DD089DFC}.Debug|iPhoneSimulator.Build.0 = Debug|iPhoneSimulator
		{4EF8D5D1-7AE5-40ED-B174-8834DD089DFC}.Debug|x64.ActiveCfg = Debug|iPhone
		{4EF8D5D1-7AE5-40ED-B174-8834DD089DFC}.Debug|x86.ActiveCfg = Debug|iPhone
		{4EF8D5D1-7AE5-40ED-B174-8834DD089DFC}.Release|Any CPU.ActiveCfg = Release|iPhone
		{4EF8D5D1-7AE5-40ED-B174-8834DD089DFC}.Release|ARM.ActiveCfg = Release|iPhone
		{4EF8D5D1-7AE5-40ED-B174-8834DD089DFC}.Release|iPhone.ActiveCfg = Release|iPhone
		{4EF8D5D1-7AE5-40ED-B174-8834DD089DFC}.Release|iPhone.Build.0 = Release|iPhone
		{4EF8D5D1-7AE5-40ED-B174-8834DD089DFC}.Release|iPhoneSimulator.ActiveCfg = Release|iPhoneSimulator
		{4EF8D5D1-7AE5-40ED-B174-8834DD089DFC}.Release|iPhoneSimulator.Build.0 = Release|iPhoneSimulator
		{4EF8D5D1-7AE5-40ED-B174-8834DD089DFC}.Release|x64.ActiveCfg = Release|iPhone
		{4EF8D5D1-7AE5-40ED-B174-8834DD089DFC}.Release|x86.ActiveCfg = Release|iPhone
		{DAD7E01C-C040-486C-9BC8-F3F6129F614C}.Ad-Hoc|Any CPU.ActiveCfg = Release|x86
		{DAD7E01C-C040-486C-9BC8-F3F6129F614C}.Ad-Hoc|Any CPU.Build.0 = Release|x86
		{DAD7E01C-C040-486C-9BC8-F3F6129F614C}.Ad-Hoc|Any CPU.Deploy.0 = Release|x86
		{DAD7E01C-C040-486C-9BC8-F3F6129F614C}.Ad-Hoc|ARM.ActiveCfg = Release|ARM
		{DAD7E01C-C040-486C-9BC8-F3F6129F614C}.Ad-Hoc|ARM.Build.0 = Release|ARM
		{DAD7E01C-C040-486C-9BC8-F3F6129F614C}.Ad-Hoc|ARM.Deploy.0 = Release|ARM
		{DAD7E01C-C040-486C-9BC8-F3F6129F614C}.Ad-Hoc|iPhone.ActiveCfg = Release|x86
		{DAD7E01C-C040-486C-9BC8-F3F6129F614C}.Ad-Hoc|iPhone.Build.0 = Release|x86
		{DAD7E01C-C040-486C-9BC8-F3F6129F614C}.Ad-Hoc|iPhone.Deploy.0 = Release|x86
		{DAD7E01C-C040-486C-9BC8-F3F6129F614C}.Ad-Hoc|iPhoneSimulator.ActiveCfg = Release|x86
		{DAD7E01C-C040-486C-9BC8-F3F6129F614C}.Ad-Hoc|iPhoneSimulator.Build.0 = Release|x86
		{DAD7E01C-C040-486C-9BC8-F3F6129F614C}.Ad-Hoc|iPhoneSimulator.Deploy.0 = Release|x86
		{DAD7E01C-C040-486C-9BC8-F3F6129F614C}.Ad-Hoc|x64.ActiveCfg = Release|x64
		{DAD7E01C-C040-486C-9BC8-F3F6129F614C}.Ad-Hoc|x64.Build.0 = Release|x64
		{DAD7E01C-C040-486C-9BC8-F3F6129F614C}.Ad-Hoc|x64.Deploy.0 = Release|x64
		{DAD7E01C-C040-486C-9BC8-F3F6129F614C}.Ad-Hoc|x86.ActiveCfg = Release|x86
		{DAD7E01C-C040-486C-9BC8-F3F6129F614C}.Ad-Hoc|x86.Build.0 = Release|x86
		{DAD7E01C-C040-486C-9BC8-F3F6129F614C}.Ad-Hoc|x86.Deploy.0 = Release|x86
		{DAD7E01C-C040-486C-9BC8-F3F6129F614C}.AppStore|Any CPU.ActiveCfg = Release|x86
		{DAD7E01C-C040-486C-9BC8-F3F6129F614C}.AppStore|Any CPU.Build.0 = Release|x86
		{DAD7E01C-C040-486C-9BC8-F3F6129F614C}.AppStore|Any CPU.Deploy.0 = Release|x86
		{DAD7E01C-C040-486C-9BC8-F3F6129F614C}.AppStore|ARM.ActiveCfg = Release|ARM
		{DAD7E01C-C040-486C-9BC8-F3F6129F614C}.AppStore|ARM.Build.0 = Release|ARM
		{DAD7E01C-C040-486C-9BC8-F3F6129F614C}.AppStore|ARM.Deploy.0 = Release|ARM
		{DAD7E01C-C040-486C-9BC8-F3F6129F614C}.AppStore|iPhone.ActiveCfg = Release|x86
		{DAD7E01C-C040-486C-9BC8-F3F6129F614C}.AppStore|iPhone.Build.0 = Release|x86
		{DAD7E01C-C040-486C-9BC8-F3F6129F614C}.AppStore|iPhone.Deploy.0 = Release|x86
		{DAD7E01C-C040-486C-9BC8-F3F6129F614C}.AppStore|iPhoneSimulator.ActiveCfg = Release|x86
		{DAD7E01C-C040-486C-9BC8-F3F6129F614C}.AppStore|iPhoneSimulator.Build.0 = Release|x86
		{DAD7E01C-C040-486C-9BC8-F3F6129F614C}.AppStore|iPhoneSimulator.Deploy.0 = Release|x86
		{DAD7E01C-C040-486C-9BC8-F3F6129F614C}.AppStore|x64.ActiveCfg = Release|x64
		{DAD7E01C-C040-486C-9BC8-F3F6129F614C}.AppStore|x64.Build.0 = Release|x64
		{DAD7E01C-C040-486C-9BC8-F3F6129F614C}.AppStore|x64.Deploy.0 = Release|x64
		{DAD7E01C-C040-486C-9BC8-F3F6129F614C}.AppStore|x86.ActiveCfg = Release|x86
		{DAD7E01C-C040-486C-9BC8-F3F6129F614C}.AppStore|x86.Build.0 = Release|x86
		{DAD7E01C-C040-486C-9BC8-F3F6129F614C}.AppStore|x86.Deploy.0 = Release|x86
		{DAD7E01C-C040-486C-9BC8-F3F6129F614C}.Debug|Any CPU.ActiveCfg = Debug|x86
		{DAD7E01C-C040-486C-9BC8-F3F6129F614C}.Debug|ARM.ActiveCfg = Debug|ARM
		{DAD7E01C-C040-486C-9BC8-F3F6129F614C}.Debug|ARM.Build.0 = Debug|ARM
		{DAD7E01C-C040-486C-9BC8-F3F6129F614C}.Debug|ARM.Deploy.0 = Debug|ARM
		{DAD7E01C-C040-486C-9BC8-F3F6129F614C}.Debug|iPhone.ActiveCfg = Debug|x86
		{DAD7E01C-C040-486C-9BC8-F3F6129F614C}.Debug|iPhoneSimulator.ActiveCfg = Debug|x86
		{DAD7E01C-C040-486C-9BC8-F3F6129F614C}.Debug|x64.ActiveCfg = Debug|x64
		{DAD7E01C-C040-486C-9BC8-F3F6129F614C}.Debug|x64.Build.0 = Debug|x64
		{DAD7E01C-C040-486C-9BC8-F3F6129F614C}.Debug|x64.Deploy.0 = Debug|x64
		{DAD7E01C-C040-486C-9BC8-F3F6129F614C}.Debug|x86.ActiveCfg = Debug|x86
		{DAD7E01C-C040-486C-9BC8-F3F6129F614C}.Debug|x86.Build.0 = Debug|x86
		{DAD7E01C-C040-486C-9BC8-F3F6129F614C}.Debug|x86.Deploy.0 = Debug|x86
		{DAD7E01C-C040-486C-9BC8-F3F6129F614C}.Release|Any CPU.ActiveCfg = Release|x86
		{DAD7E01C-C040-486C-9BC8-F3F6129F614C}.Release|ARM.ActiveCfg = Release|ARM
		{DAD7E01C-C040-486C-9BC8-F3F6129F614C}.Release|ARM.Build.0 = Release|ARM
		{DAD7E01C-C040-486C-9BC8-F3F6129F614C}.Release|ARM.Deploy.0 = Release|ARM
		{DAD7E01C-C040-486C-9BC8-F3F6129F614C}.Release|iPhone.ActiveCfg = Release|x86
		{DAD7E01C-C040-486C-9BC8-F3F6129F614C}.Release|iPhoneSimulator.ActiveCfg = Release|x86
		{DAD7E01C-C040-486C-9BC8-F3F6129F614C}.Release|x64.ActiveCfg = Release|x64
		{DAD7E01C-C040-486C-9BC8-F3F6129F614C}.Release|x64.Build.0 = Release|x64
		{DAD7E01C-C040-486C-9BC8-F3F6129F614C}.Release|x64.Deploy.0 = Release|x64
		{DAD7E01C-C040-486C-9BC8-F3F6129F614C}.Release|x86.ActiveCfg = Release|x86
		{DAD7E01C-C040-486C-9BC8-F3F6129F614C}.Release|x86.Build.0 = Release|x86
		{DAD7E01C-C040-486C-9BC8-F3F6129F614C}.Release|x86.Deploy.0 = Release|x86
		{05E5A123-29D4-45DE-9AD7-C2F1A14A3B62}.Ad-Hoc|Any CPU.ActiveCfg = Debug|Any CPU
		{05E5A123-29D4-45DE-9AD7-C2F1A14A3B62}.Ad-Hoc|Any CPU.Build.0 = Debug|Any CPU
		{05E5A123-29D4-45DE-9AD7-C2F1A14A3B62}.Ad-Hoc|ARM.ActiveCfg = Debug|Any CPU
		{05E5A123-29D4-45DE-9AD7-C2F1A14A3B62}.Ad-Hoc|ARM.Build.0 = Debug|Any CPU
		{05E5A123-29D4-45DE-9AD7-C2F1A14A3B62}.Ad-Hoc|iPhone.ActiveCfg = Debug|Any CPU
		{05E5A123-29D4-45DE-9AD7-C2F1A14A3B62}.Ad-Hoc|iPhone.Build.0 = Debug|Any CPU
		{05E5A123-29D4-45DE-9AD7-C2F1A14A3B62}.Ad-Hoc|iPhoneSimulator.ActiveCfg = Debug|Any CPU
		{05E5A123-29D4-45DE-9AD7-C2F1A14A3B62}.Ad-Hoc|iPhoneSimulator.Build.0 = Debug|Any CPU
		{05E5A123-29D4-45DE-9AD7-C2F1A14A3B62}.Ad-Hoc|x64.ActiveCfg = Debug|Any CPU
		{05E5A123-29D4-45DE-9AD7-C2F1A14A3B62}.Ad-Hoc|x64.Build.0 = Debug|Any CPU
		{05E5A123-29D4-45DE-9AD7-C2F1A14A3B62}.Ad-Hoc|x86.ActiveCfg = Debug|Any CPU
		{05E5A123-29D4-45DE-9AD7-C2F1A14A3B62}.Ad-Hoc|x86.Build.0 = Debug|Any CPU
		{05E5A123-29D4-45DE-9AD7-C2F1A14A3B62}.AppStore|Any CPU.ActiveCfg = Debug|Any CPU
		{05E5A123-29D4-45DE-9AD7-C2F1A14A3B62}.AppStore|Any CPU.Build.0 = Debug|Any CPU
		{05E5A123-29D4-45DE-9AD7-C2F1A14A3B62}.AppStore|ARM.ActiveCfg = Debug|Any CPU
		{05E5A123-29D4-45DE-9AD7-C2F1A14A3B62}.AppStore|ARM.Build.0 = Debug|Any CPU
		{05E5A123-29D4-45DE-9AD7-C2F1A14A3B62}.AppStore|iPhone.ActiveCfg = Debug|Any CPU
		{05E5A123-29D4-45DE-9AD7-C2F1A14A3B62}.AppStore|iPhone.Build.0 = Debug|Any CPU
		{05E5A123-29D4-45DE-9AD7-C2F1A14A3B62}.AppStore|iPhoneSimulator.ActiveCfg = Debug|Any CPU
		{05E5A123-29D4-45DE-9AD7-C2F1A14A3B62}.AppStore|iPhoneSimulator.Build.0 = Debug|Any CPU
		{05E5A123-29D4-45DE-9AD7-C2F1A14A3B62}.AppStore|x64.ActiveCfg = Debug|Any CPU
		{05E5A123-29D4-45DE-9AD7-C2F1A14A3B62}.AppStore|x64.Build.0 = Debug|Any CPU
		{05E5A123-29D4-45DE-9AD7-C2F1A14A3B62}.AppStore|x86.ActiveCfg = Debug|Any CPU
		{05E5A123-29D4-45DE-9AD7-C2F1A14A3B62}.AppStore|x86.Build.0 = Debug|Any CPU
		{05E5A123-29D4-45DE-9AD7-C2F1A14A3B62}.Debug|Any CPU.ActiveCfg = Debug|Any CPU
		{05E5A123-29D4-45DE-9AD7-C2F1A14A3B62}.Debug|Any CPU.Build.0 = Debug|Any CPU
		{05E5A123-29D4-45DE-9AD7-C2F1A14A3B62}.Debug|ARM.ActiveCfg = Debug|Any CPU
		{05E5A123-29D4-45DE-9AD7-C2F1A14A3B62}.Debug|ARM.Build.0 = Debug|Any CPU
		{05E5A123-29D4-45DE-9AD7-C2F1A14A3B62}.Debug|iPhone.ActiveCfg = Debug|Any CPU
		{05E5A123-29D4-45DE-9AD7-C2F1A14A3B62}.Debug|iPhone.Build.0 = Debug|Any CPU
		{05E5A123-29D4-45DE-9AD7-C2F1A14A3B62}.Debug|iPhoneSimulator.ActiveCfg = Debug|Any CPU
		{05E5A123-29D4-45DE-9AD7-C2F1A14A3B62}.Debug|iPhoneSimulator.Build.0 = Debug|Any CPU
		{05E5A123-29D4-45DE-9AD7-C2F1A14A3B62}.Debug|x64.ActiveCfg = Debug|Any CPU
		{05E5A123-29D4-45DE-9AD7-C2F1A14A3B62}.Debug|x64.Build.0 = Debug|Any CPU
		{05E5A123-29D4-45DE-9AD7-C2F1A14A3B62}.Debug|x86.ActiveCfg = Debug|Any CPU
		{05E5A123-29D4-45DE-9AD7-C2F1A14A3B62}.Debug|x86.Build.0 = Debug|Any CPU
		{05E5A123-29D4-45DE-9AD7-C2F1A14A3B62}.Release|Any CPU.ActiveCfg = Release|Any CPU
		{05E5A123-29D4-45DE-9AD7-C2F1A14A3B62}.Release|Any CPU.Build.0 = Release|Any CPU
		{05E5A123-29D4-45DE-9AD7-C2F1A14A3B62}.Release|ARM.ActiveCfg = Release|Any CPU
		{05E5A123-29D4-45DE-9AD7-C2F1A14A3B62}.Release|ARM.Build.0 = Release|Any CPU
		{05E5A123-29D4-45DE-9AD7-C2F1A14A3B62}.Release|iPhone.ActiveCfg = Release|Any CPU
		{05E5A123-29D4-45DE-9AD7-C2F1A14A3B62}.Release|iPhone.Build.0 = Release|Any CPU
		{05E5A123-29D4-45DE-9AD7-C2F1A14A3B62}.Release|iPhoneSimulator.ActiveCfg = Release|Any CPU
		{05E5A123-29D4-45DE-9AD7-C2F1A14A3B62}.Release|iPhoneSimulator.Build.0 = Release|Any CPU
		{05E5A123-29D4-45DE-9AD7-C2F1A14A3B62}.Release|x64.ActiveCfg = Release|Any CPU
		{05E5A123-29D4-45DE-9AD7-C2F1A14A3B62}.Release|x64.Build.0 = Release|Any CPU
		{05E5A123-29D4-45DE-9AD7-C2F1A14A3B62}.Release|x86.ActiveCfg = Release|Any CPU
		{05E5A123-29D4-45DE-9AD7-C2F1A14A3B62}.Release|x86.Build.0 = Release|Any CPU
	EndGlobalSection
	GlobalSection(SolutionProperties) = preSolution
		HideSolutionNode = FALSE
	EndGlobalSection
	GlobalSection(ExtensibilityGlobals) = postSolution
		SolutionGuid = {0438BFB9-0325-4344-8D27-BC76E992ECD7}
	EndGlobalSection
EndGlobal
